
Microsoft Visual Studio Solution File, Format Version 12.00
# Visual Studio Version 17
VisualStudioVersion = 17.7.34221.43
MinimumVisualStudioVersion = 10.0.40219.1
Project("{9A19103F-16F7-4668-BE54-9A1E7A4F7556}") = "CSharpConsoleApp", "CSharpConsoleApp\CSharpConsoleApp.csproj", "{ED781153-7885-4D48-A2EB-E37822813692}"
EndProject
Global
	GlobalSection(SolutionConfigurationPlatforms) = preSolution
		Debug|Any CPU = Debug|Any CPU
		Release|Any CPU = Release|Any CPU
	EndGlobalSection
	GlobalSection(ProjectConfigurationPlatforms) = postSolution
		{ED781153-7885-4D48-A2EB-E37822813692}.Debug|Any CPU.ActiveCfg = Debug|Any CPU
		{ED781153-7885-4D48-A2EB-E37822813692}.Debug|Any CPU.Build.0 = Debug|Any CPU
		{ED781153-7885-4D48-A2EB-E37822813692}.Release|Any CPU.ActiveCfg = Release|Any CPU
		{ED781153-7885-4D48-A2EB-E37822813692}.Release|Any CPU.Build.0 = Release|Any CPU
	EndGlobalSection
	GlobalSection(SolutionProperties) = preSolution
		HideSolutionNode = FALSE
	EndGlobalSection
	GlobalSection(ExtensibilityGlobals) = postSolution
		SolutionGuid = {D6EE2D05-64FA-41F9-A869-42A401EB367A}
	EndGlobalSection
EndGlobal
